{
  "version": 4,
  "terraform_version": "1.11.1",
  "serial": 18,
  "lineage": "bee3dab3-2072-42ba-5b42-7bea677c0fe6",
  "outputs": {},
  "resources": [
    {
      "mode": "data",
      "type": "aws_subnets",
      "name": "selected",
      "provider": "provider[\"registry.terraform.io/hashicorp/aws\"]",
      "instances": [
        {
          "schema_version": 0,
          "attributes": {
            "filter": [
              {
                "name": "vpc-id",
                "values": [
                  "vpc-07ce9fcbb3b3cf966"
                ]
              }
            ],
            "id": "ap-south-1",
            "ids": [
              "subnet-053fef1e526ac7fb5",
              "subnet-0b01e24903ad09750",
              "subnet-03ea3bb04c45ce892"
            ],
            "tags": null,
            "timeouts": null
          },
          "sensitive_attributes": []
        }
      ]
    },
    {
      "mode": "data",
      "type": "aws_vpc",
      "name": "selected",
      "provider": "provider[\"registry.terraform.io/hashicorp/aws\"]",
      "instances": [
        {
          "schema_version": 0,
          "attributes": {
            "arn": "arn:aws:ec2:ap-south-1:718634073122:vpc/vpc-07ce9fcbb3b3cf966",
            "cidr_block": "172.31.0.0/16",
            "cidr_block_associations": [
              {
                "association_id": "vpc-cidr-assoc-0622b2602fbc3a5be",
                "cidr_block": "172.31.0.0/16",
                "state": "associated"
              }
            ],
            "default": true,
            "dhcp_options_id": "dopt-0272d958bc7d01a31",
            "enable_dns_hostnames": true,
            "enable_dns_support": true,
            "enable_network_address_usage_metrics": false,
            "filter": null,
            "id": "vpc-07ce9fcbb3b3cf966",
            "instance_tenancy": "default",
            "ipv6_association_id": "",
            "ipv6_cidr_block": "",
            "main_route_table_id": "rtb-0a38a762ae9c8799f",
            "owner_id": "718634073122",
            "state": null,
            "tags": {},
            "timeouts": null
          },
          "sensitive_attributes": []
        }
      ]
    },
    {
      "module": "module.eks",
      "mode": "managed",
      "type": "aws_eks_cluster",
      "name": "eks",
      "provider": "provider[\"registry.terraform.io/hashicorp/aws\"]",
      "instances": [
        {
          "schema_version": 1,
          "attributes": {
            "access_config": [
              {
                "authentication_mode": "CONFIG_MAP",
                "bootstrap_cluster_creator_admin_permissions": true
              }
            ],
            "arn": "arn:aws:eks:ap-south-1:718634073122:cluster/stack-gen-eks-cluster",
            "bootstrap_self_managed_addons": true,
            "certificate_authority": [
              {
                "data": "LS0tLS1CRUdJTiBDRVJUSUZJQ0FURS0tLS0tCk1JSURCVENDQWUyZ0F3SUJBZ0lJQTNCR0FndEhZb013RFFZSktvWklodmNOQVFFTEJRQXdGVEVUTUJFR0ExVUUKQXhNS2EzVmlaWEp1WlhSbGN6QWVGdzB5TlRBek1Ea3hOakEzTVRoYUZ3MHpOVEF6TURjeE5qRXlNVGhhTUJVeApFekFSQmdOVkJBTVRDbXQxWW1WeWJtVjBaWE13Z2dFaU1BMEdDU3FHU0liM0RRRUJBUVVBQTRJQkR3QXdnZ0VLCkFvSUJBUUROWldYMFJySkZCZC8wd3JkWXltZExEeTN4RlB5WU9DQ0d2dU9HMkdHT01DZTR0Z0ZoNG4vbDVTK3UKdHplTGcrYWZVMUpJZE9OOXVQQW9TUGJjUFc0cTlkMEhEU0hvdzUydCtwRzNvOTlCZXltcUpWaFBwTzMvTWpHaQo5eWhEYkR0ZU5JV21kVzZwbGk3ekZ4cUxuNGF1MzBBWGJZOHo5dHJYb3k3T0lOanN0VmoyWXdSMjQ4ZkxMWE5UCmNmdU1meXBuTnpuRE9aeEpqVnlnNlhITDVWcWJrMXBKdFlhcCtwczNiUFBIamxSZnBqc29HekZwaFV2cTYxQUoKUkdOWElGcm9tNFZhbmpNRUhWcENQQWt5enVwOWc2YklaS1RQZlZweVB4MFMvb1dacjNDU0RUMjRuN1ZiQmlReApsdHBsRGJsU2lVT2dSV2pFOG1ueUdYUUpkYVQ5QWdNQkFBR2pXVEJYTUE0R0ExVWREd0VCL3dRRUF3SUNwREFQCkJnTlZIUk1CQWY4RUJUQURBUUgvTUIwR0ExVWREZ1FXQkJTeEhqOU8yY3ZUQ2piOEtkeFBxVTlWOEdpZGVUQVYKQmdOVkhSRUVEakFNZ2dwcmRXSmxjbTVsZEdWek1BMEdDU3FHU0liM0RRRUJDd1VBQTRJQkFRQmVIcU9mVHlQRQpjRVRVTHoxQXZlSUdyNElucSs0cUJ6ZHFmb003dHpKMGZPYnZFMkE4YmNiajFmQjRlWk5CSDJBL3Y3UEtVUFFuClNsSUlCcHU3UmltZ3pPOUtpTzhFbmtWRlJJZnhGSUNzZ2dnV0NLQWI1ZDdVM3Vpekx3ZkZiNGlGVTJzbVNFR28Ka2E3M0pZbmJKb1drSHBkWFI3d2M5Yk5jaS9UWGhUTXVxbjZYNWE1YmFJUjRSRHROSjlkcXZVRFkwaWZZNHp6RwpueXFPSGN5bmtHc3d4M1dGWjJzT2ZzSmk4Q3pLOXdzZklxWTI1eUlvTTgzWTdxTFk0SWpaQ2xNSGRMK2FmeEdhCmQzNjNrZk53THpVNndYMUpKKzBSVFFQZXd4eC9qWExCUHVLTGJVcDlIcTRPdk1kSXp1Qncrbm8vUWFHZ1pEUzIKMjJFQXlwU2lxQXlOCi0tLS0tRU5EIENFUlRJRklDQVRFLS0tLS0K"
              }
            ],
            "cluster_id": null,
            "compute_config": [],
            "created_at": "2025-03-09T16:07:44Z",
            "enabled_cluster_log_types": [],
            "encryption_config": [],
            "endpoint": "https://C2E2E00857E7B7A363DDBF48C9130F84.gr7.ap-south-1.eks.amazonaws.com",
            "id": "stack-gen-eks-cluster",
            "identity": [
              {
                "oidc": [
                  {
                    "issuer": "https://oidc.eks.ap-south-1.amazonaws.com/id/C2E2E00857E7B7A363DDBF48C9130F84"
                  }
                ]
              }
            ],
            "kubernetes_network_config": [
              {
                "elastic_load_balancing": [
                  {
                    "enabled": false
                  }
                ],
                "ip_family": "ipv4",
                "service_ipv4_cidr": "10.100.0.0/16",
                "service_ipv6_cidr": ""
              }
            ],
            "name": "stack-gen-eks-cluster",
            "outpost_config": [],
            "platform_version": "eks.31",
            "remote_network_config": [],
            "role_arn": "arn:aws:iam::718634073122:role/eks-cluster-role",
            "status": "ACTIVE",
            "storage_config": [],
            "tags": {},
            "tags_all": {},
            "timeouts": null,
            "upgrade_policy": [
              {
                "support_type": "EXTENDED"
              }
            ],
            "version": "1.29",
            "vpc_config": [
              {
                "cluster_security_group_id": "sg-0694d9d654abbb30b",
                "endpoint_private_access": false,
                "endpoint_public_access": true,
                "public_access_cidrs": [
                  "0.0.0.0/0"
                ],
                "security_group_ids": [],
                "subnet_ids": [
                  "subnet-03ea3bb04c45ce892",
                  "subnet-053fef1e526ac7fb5",
                  "subnet-0b01e24903ad09750"
                ],
                "vpc_id": "vpc-07ce9fcbb3b3cf966"
              }
            ],
            "zonal_shift_config": []
          },
          "sensitive_attributes": [],
          "private": "eyJlMmJmYjczMC1lY2FhLTExZTYtOGY4OC0zNDM2M2JjN2M0YzAiOnsiY3JlYXRlIjoxODAwMDAwMDAwMDAwLCJkZWxldGUiOjkwMDAwMDAwMDAwMCwidXBkYXRlIjozNjAwMDAwMDAwMDAwfSwic2NoZW1hX3ZlcnNpb24iOiIxIn0=",
          "dependencies": [
            "data.aws_subnets.selected",
            "data.aws_vpc.selected",
            "module.eks.aws_iam_role.eks_cluster_role"
          ]
        }
      ]
    },
    {
      "module": "module.eks",
      "mode": "managed",
      "type": "aws_eks_node_group",
      "name": "eks_nodes",
      "provider": "provider[\"registry.terraform.io/hashicorp/aws\"]",
      "instances": [
        {
          "schema_version": 0,
          "attributes": {
            "ami_type": "AL2_x86_64",
            "arn": "arn:aws:eks:ap-south-1:718634073122:nodegroup/stack-gen-eks-cluster/my-eks-node-group/7ccabdd7-fb2b-5303-efe7-ea567d0dcaf3",
            "capacity_type": "ON_DEMAND",
            "cluster_name": "stack-gen-eks-cluster",
            "disk_size": 20,
            "force_update_version": null,
            "id": "stack-gen-eks-cluster:my-eks-node-group",
            "instance_types": [
              "t3.medium"
            ],
            "labels": {},
            "launch_template": [],
            "node_group_name": "my-eks-node-group",
            "node_group_name_prefix": "",
            "node_repair_config": [],
            "node_role_arn": "arn:aws:iam::718634073122:role/eks-node-role",
            "release_version": "1.29.13-20250228",
            "remote_access": [],
            "resources": [
              {
                "autoscaling_groups": [
                  {
                    "name": "eks-my-eks-node-group-7ccabdd7-fb2b-5303-efe7-ea567d0dcaf3"
                  }
                ],
                "remote_access_security_group_id": ""
              }
            ],
            "scaling_config": [
              {
                "desired_size": 1,
                "max_size": 2,
                "min_size": 1
              }
            ],
            "status": "ACTIVE",
            "subnet_ids": [
              "subnet-03ea3bb04c45ce892",
              "subnet-053fef1e526ac7fb5",
              "subnet-0b01e24903ad09750"
            ],
            "tags": {},
            "tags_all": {},
            "taint": [],
            "timeouts": null,
            "update_config": [
              {
                "max_unavailable": 1,
                "max_unavailable_percentage": 0
              }
            ],
            "version": "1.29"
          },
          "sensitive_attributes": [],
          "private": "eyJlMmJmYjczMC1lY2FhLTExZTYtOGY4OC0zNDM2M2JjN2M0YzAiOnsiY3JlYXRlIjozNjAwMDAwMDAwMDAwLCJkZWxldGUiOjM2MDAwMDAwMDAwMDAsInVwZGF0ZSI6MzYwMDAwMDAwMDAwMH19",
          "dependencies": [
            "data.aws_subnets.selected",
            "data.aws_vpc.selected",
            "module.eks.aws_eks_cluster.eks",
            "module.eks.aws_iam_role.eks_cluster_role",
            "module.eks.aws_iam_role.eks_node_role"
          ]
        }
      ]
    },
    {
      "module": "module.eks",
      "mode": "managed",
      "type": "aws_iam_role",
      "name": "eks_cluster_role",
      "provider": "provider[\"registry.terraform.io/hashicorp/aws\"]",
      "instances": [
        {
          "schema_version": 0,
          "attributes": {
            "arn": "arn:aws:iam::718634073122:role/eks-cluster-role",
            "assume_role_policy": "{\"Statement\":[{\"Action\":\"sts:AssumeRole\",\"Effect\":\"Allow\",\"Principal\":{\"Service\":\"eks.amazonaws.com\"}}],\"Version\":\"2012-10-17\"}",
            "create_date": "2025-03-09T15:50:31Z",
            "description": "",
            "force_detach_policies": false,
            "id": "eks-cluster-role",
            "inline_policy": [],
            "managed_policy_arns": [
              "arn:aws:iam::aws:policy/AmazonEKSClusterPolicy"
            ],
            "max_session_duration": 3600,
            "name": "eks-cluster-role",
            "name_prefix": "",
            "path": "/",
            "permissions_boundary": "",
            "tags": {},
            "tags_all": {},
            "unique_id": "AROA2OUPNXQRGNVY7RWCU"
          },
          "sensitive_attributes": [],
          "private": "bnVsbA=="
        }
      ]
    },
    {
      "module": "module.eks",
      "mode": "managed",
      "type": "aws_iam_role",
      "name": "eks_node_role",
      "provider": "provider[\"registry.terraform.io/hashicorp/aws\"]",
      "instances": [
        {
          "schema_version": 0,
          "attributes": {
            "arn": "arn:aws:iam::718634073122:role/eks-node-role",
            "assume_role_policy": "{\"Statement\":[{\"Action\":\"sts:AssumeRole\",\"Effect\":\"Allow\",\"Principal\":{\"Service\":\"ec2.amazonaws.com\"}}],\"Version\":\"2012-10-17\"}",
            "create_date": "2025-03-09T15:50:31Z",
            "description": "",
            "force_detach_policies": false,
            "id": "eks-node-role",
            "inline_policy": [],
            "managed_policy_arns": [
              "arn:aws:iam::aws:policy/AmazonEC2ContainerRegistryReadOnly",
              "arn:aws:iam::aws:policy/AmazonEKSWorkerNodePolicy",
              "arn:aws:iam::aws:policy/AmazonEKS_CNI_Policy"
            ],
            "max_session_duration": 3600,
            "name": "eks-node-role",
            "name_prefix": "",
            "path": "/",
            "permissions_boundary": "",
            "tags": {},
            "tags_all": {},
            "unique_id": "AROA2OUPNXQRORCOWI2CI"
          },
          "sensitive_attributes": [],
          "private": "bnVsbA=="
        }
      ]
    }
  ],
  "check_results": null
}
